{"version":4,"terraform_version":"1.10.6","serial":4,"lineage":"2b5a8e25-9865-ba60-69b7-ec18122e8b55","outputs":{},"resources":[{"mode":"data","type":"oci_core_images","name":"ubuntu2404","provider":"provider[\"registry.opentofu.org/oracle/oci\"]","instances":[{"schema_version":0,"attributes":{"compartment_id":"ocid1.compartment.oc1..aaaaaaaahsiol4x4tgsptevtblyzizuqpbg25hhx2aodojs72vx764vpr3yq","display_name":null,"filter":[{"name":"display_name","regex":true,"values":["^Canonical-Ubuntu-24.04-.*(aarch64|Arm).*$"]}],"id":"CoreImagesDataSource-2645404560","images":[{"agent_features":[],"base_image_id":"","billable_size_in_gbs":"2","compartment_id":"","create_image_allowed":true,"defined_tags":{},"display_name":"Canonical-Ubuntu-24.04-aarch64-2025.07.23-0","freeform_tags":{},"id":"ocid1.image.oc1.ap-batam-1.aaaaaaaa22bmaa7fb4pxrrjepvp7stluzz3ib56e34og23cdpqgmax7fjrua","image_source_details":[],"instance_id":"","launch_mode":"NATIVE","launch_options":[{"boot_volume_type":"PARAVIRTUALIZED","firmware":"UEFI_64","is_consistent_volume_naming_enabled":true,"is_pv_encryption_in_transit_enabled":true,"network_type":"PARAVIRTUALIZED","remote_data_volume_type":"PARAVIRTUALIZED"}],"listing_type":"","operating_system":"Canonical Ubuntu","operating_system_version":"24.04","size_in_mbs":"47694","state":"AVAILABLE","time_created":"2025-08-01 09:17:45.256 +0000 UTC"},{"agent_features":[],"base_image_id":"","billable_size_in_gbs":"2","compartment_id":"","create_image_allowed":true,"defined_tags":{},"display_name":"Canonical-Ubuntu-24.04-aarch64-2025.05.20-0","freeform_tags":{},"id":"ocid1.image.oc1.ap-batam-1.aaaaaaaa2ofpza5y2glo64salgvyrgurexjdnm3wnb3zwq3tbtv3swwyarza","image_source_details":[],"instance_id":"","launch_mode":"NATIVE","launch_options":[{"boot_volume_type":"PARAVIRTUALIZED","firmware":"UEFI_64","is_consistent_volume_naming_enabled":true,"is_pv_encryption_in_transit_enabled":true,"network_type":"PARAVIRTUALIZED","remote_data_volume_type":"PARAVIRTUALIZED"}],"listing_type":"","operating_system":"Canonical Ubuntu","operating_system_version":"24.04","size_in_mbs":"47694","state":"AVAILABLE","time_created":"2025-05-22 00:21:15.258 +0000 UTC"},{"agent_features":[],"base_image_id":"","billable_size_in_gbs":"2","compartment_id":"","create_image_allowed":true,"defined_tags":{},"display_name":"Canonical-Ubuntu-24.04-aarch64-2025.01.31-1","freeform_tags":{},"id":"ocid1.image.oc1.ap-batam-1.aaaaaaaasvann4vdf7qllki26dydvt5wbuh3kydlkitdgv3xoudxudr6fdvq","image_source_details":[],"instance_id":"","launch_mode":"NATIVE","launch_options":[{"boot_volume_type":"PARAVIRTUALIZED","firmware":"UEFI_64","is_consistent_volume_naming_enabled":true,"is_pv_encryption_in_transit_enabled":true,"network_type":"PARAVIRTUALIZED","remote_data_volume_type":"PARAVIRTUALIZED"}],"listing_type":"","operating_system":"Canonical Ubuntu","operating_system_version":"24.04","size_in_mbs":"47694","state":"AVAILABLE","time_created":"2025-04-17 19:28:58.239 +0000 UTC"}],"operating_system":"Canonical Ubuntu","operating_system_version":"24.04","shape":"VM.Standard.A1.Flex","sort_by":"TIMECREATED","sort_order":"DESC","state":null},"sensitive_attributes":[]}]},{"mode":"data","type":"oci_core_images","name":"ubuntu2404_minimal","provider":"provider[\"registry.opentofu.org/oracle/oci\"]","instances":[{"schema_version":0,"attributes":{"compartment_id":"ocid1.compartment.oc1..aaaaaaaahsiol4x4tgsptevtblyzizuqpbg25hhx2aodojs72vx764vpr3yq","display_name":null,"filter":[{"name":"display_name","regex":true,"values":["^Canonical-Ubuntu-24.04.*Minimal.*(aarch64|Arm).*$"]}],"id":"CoreImagesDataSource-2645404560","images":[],"operating_system":"Canonical Ubuntu","operating_system_version":"24.04","shape":"VM.Standard.A1.Flex","sort_by":"TIMECREATED","sort_order":"DESC","state":null},"sensitive_attributes":[]}]},{"mode":"data","type":"oci_identity_availability_domains","name":"ads","provider":"provider[\"registry.opentofu.org/oracle/oci\"]","instances":[{"schema_version":0,"attributes":{"availability_domains":[{"compartment_id":"ocid1.tenancy.oc1..aaaaaaaayshxegzimo3lspx3ers27kx2s3kouhcjzbttphklpo4s2xfpg5ha","id":"ocid1.availabilitydomain.oc1..aaaaaaaajkh3ppnwkedax6os7rlrzjlyckvrgq7nkgvfssvlyqqekcmmdteq","name":"zyvu:AP-BATAM-1-AD-1"}],"compartment_id":"ocid1.tenancy.oc1..aaaaaaaayshxegzimo3lspx3ers27kx2s3kouhcjzbttphklpo4s2xfpg5ha","filter":null,"id":"IdentityAvailabilityDomainsDataSource-898524030"},"sensitive_attributes":[]}]},{"mode":"managed","type":"oci_core_internet_gateway","name":"igw","provider":"provider[\"registry.opentofu.org/oracle/oci\"]","instances":[{"schema_version":0,"attributes":{"compartment_id":"ocid1.compartment.oc1..aaaaaaaahsiol4x4tgsptevtblyzizuqpbg25hhx2aodojs72vx764vpr3yq","defined_tags":{"Oracle-Tags.CreatedBy":"default/rizkyns0532@gmail.com","Oracle-Tags.CreatedOn":"2025-10-03T04:14:51.031Z"},"display_name":"igw-simple-web","enabled":true,"freeform_tags":{},"id":"ocid1.internetgateway.oc1.ap-batam-1.aaaaaaaapwf5dug4cgnt4d5snociqusb3jk2j2h3iuy6so2uim6yxjgff73q","route_table_id":null,"state":"AVAILABLE","time_created":"2025-10-03 04:14:51.043 +0000 UTC","timeouts":null,"vcn_id":"ocid1.vcn.oc1.ap-batam-1.amaaaaaav472nqqay7th5nsbwer6vkwaax5kerrenpi76hrqkzz3a7l4m55a"},"sensitive_attributes":[],"private":"eyJlMmJmYjczMC1lY2FhLTExZTYtOGY4OC0zNDM2M2JjN2M0YzAiOnsiY3JlYXRlIjoxMjAwMDAwMDAwMDAwLCJkZWxldGUiOjEyMDAwMDAwMDAwMDAsInVwZGF0ZSI6MTIwMDAwMDAwMDAwMH19","dependencies":["oci_core_vcn.vcn"]}]},{"mode":"managed","type":"oci_core_network_security_group","name":"nsg","provider":"provider[\"registry.opentofu.org/oracle/oci\"]","instances":[{"schema_version":0,"attributes":{"compartment_id":"ocid1.compartment.oc1..aaaaaaaahsiol4x4tgsptevtblyzizuqpbg25hhx2aodojs72vx764vpr3yq","defined_tags":{"Oracle-Tags.CreatedBy":"default/rizkyns0532@gmail.com","Oracle-Tags.CreatedOn":"2025-10-03T04:14:51.089Z"},"display_name":"nsg-simple-web","freeform_tags":{},"id":"ocid1.networksecuritygroup.oc1.ap-batam-1.aaaaaaaa6gqqxx2uts6wj42bg77ufp7zvt5gwbyywwcsnr4qzd7msvq6brea","state":"AVAILABLE","time_created":"2025-10-03 04:14:51.146 +0000 UTC","timeouts":null,"vcn_id":"ocid1.vcn.oc1.ap-batam-1.amaaaaaav472nqqay7th5nsbwer6vkwaax5kerrenpi76hrqkzz3a7l4m55a"},"sensitive_attributes":[],"private":"eyJlMmJmYjczMC1lY2FhLTExZTYtOGY4OC0zNDM2M2JjN2M0YzAiOnsiY3JlYXRlIjoxMjAwMDAwMDAwMDAwLCJkZWxldGUiOjEyMDAwMDAwMDAwMDAsInVwZGF0ZSI6MTIwMDAwMDAwMDAwMH19","dependencies":["oci_core_vcn.vcn"]}]},{"mode":"managed","type":"oci_core_network_security_group_security_rule","name":"allow_http","provider":"provider[\"registry.opentofu.org/oracle/oci\"]","instances":[{"schema_version":0,"attributes":{"description":null,"destination":null,"destination_type":"","direction":"INGRESS","icmp_options":[],"id":"51F49B","is_valid":true,"network_security_group_id":"ocid1.networksecuritygroup.oc1.ap-batam-1.aaaaaaaa6gqqxx2uts6wj42bg77ufp7zvt5gwbyywwcsnr4qzd7msvq6brea","protocol":"6","source":"0.0.0.0/0","source_type":"CIDR_BLOCK","stateless":false,"tcp_options":[{"destination_port_range":[{"max":80,"min":80}],"source_port_range":[]}],"time_created":"2025-10-03 04:14:51.381 +0000 UTC","timeouts":null,"udp_options":[]},"sensitive_attributes":[],"private":"eyJlMmJmYjczMC1lY2FhLTExZTYtOGY4OC0zNDM2M2JjN2M0YzAiOnsiY3JlYXRlIjoxMjAwMDAwMDAwMDAwLCJkZWxldGUiOjEyMDAwMDAwMDAwMDAsInVwZGF0ZSI6MTIwMDAwMDAwMDAwMH19","dependencies":["oci_core_network_security_group.nsg","oci_core_vcn.vcn"]}]},{"mode":"managed","type":"oci_core_network_security_group_security_rule","name":"allow_ssh","provider":"provider[\"registry.opentofu.org/oracle/oci\"]","instances":[{"schema_version":0,"attributes":{"description":null,"destination":null,"destination_type":"","direction":"INGRESS","icmp_options":[],"id":"A804A2","is_valid":true,"network_security_group_id":"ocid1.networksecuritygroup.oc1.ap-batam-1.aaaaaaaa6gqqxx2uts6wj42bg77ufp7zvt5gwbyywwcsnr4qzd7msvq6brea","protocol":"6","source":"0.0.0.0/0","source_type":"CIDR_BLOCK","stateless":false,"tcp_options":[{"destination_port_range":[{"max":22,"min":22}],"source_port_range":[]}],"time_created":"2025-10-03 04:14:51.339 +0000 UTC","timeouts":null,"udp_options":[]},"sensitive_attributes":[],"private":"eyJlMmJmYjczMC1lY2FhLTExZTYtOGY4OC0zNDM2M2JjN2M0YzAiOnsiY3JlYXRlIjoxMjAwMDAwMDAwMDAwLCJkZWxldGUiOjEyMDAwMDAwMDAwMDAsInVwZGF0ZSI6MTIwMDAwMDAwMDAwMH19","dependencies":["oci_core_network_security_group.nsg","oci_core_vcn.vcn"]}]},{"mode":"managed","type":"oci_core_route_table","name":"rt","provider":"provider[\"registry.opentofu.org/oracle/oci\"]","instances":[{"schema_version":0,"attributes":{"compartment_id":"ocid1.compartment.oc1..aaaaaaaahsiol4x4tgsptevtblyzizuqpbg25hhx2aodojs72vx764vpr3yq","defined_tags":{"Oracle-Tags.CreatedBy":"default/rizkyns0532@gmail.com","Oracle-Tags.CreatedOn":"2025-10-03T04:14:51.266Z"},"display_name":"rt-simple-web","freeform_tags":{},"id":"ocid1.routetable.oc1.ap-batam-1.aaaaaaaa2fxgxwzjlxfq6gkhkebv6alae5vr6ycixrirjcj6ewnzq7xd7zda","route_rules":[{"cidr_block":"","description":"","destination":"0.0.0.0/0","destination_type":"CIDR_BLOCK","network_entity_id":"ocid1.internetgateway.oc1.ap-batam-1.aaaaaaaapwf5dug4cgnt4d5snociqusb3jk2j2h3iuy6so2uim6yxjgff73q","route_type":""}],"state":"AVAILABLE","time_created":"2025-10-03 04:14:51.273 +0000 UTC","timeouts":null,"vcn_id":"ocid1.vcn.oc1.ap-batam-1.amaaaaaav472nqqay7th5nsbwer6vkwaax5kerrenpi76hrqkzz3a7l4m55a"},"sensitive_attributes":[],"private":"eyJlMmJmYjczMC1lY2FhLTExZTYtOGY4OC0zNDM2M2JjN2M0YzAiOnsiY3JlYXRlIjoxMjAwMDAwMDAwMDAwLCJkZWxldGUiOjEyMDAwMDAwMDAwMDAsInVwZGF0ZSI6MTIwMDAwMDAwMDAwMH19","dependencies":["oci_core_internet_gateway.igw","oci_core_vcn.vcn"]}]},{"mode":"managed","type":"oci_core_security_list","name":"simple_ingress_egress","provider":"provider[\"registry.opentofu.org/oracle/oci\"]","instances":[{"schema_version":0,"attributes":{"compartment_id":"ocid1.compartment.oc1..aaaaaaaahsiol4x4tgsptevtblyzizuqpbg25hhx2aodojs72vx764vpr3yq","defined_tags":{"Oracle-Tags.CreatedBy":"default/rizkyns0532@gmail.com","Oracle-Tags.CreatedOn":"2025-10-03T04:14:51.099Z"},"display_name":"sl-simple-web","egress_security_rules":[{"description":"","destination":"0.0.0.0/0","destination_type":"CIDR_BLOCK","icmp_options":[],"protocol":"all","stateless":false,"tcp_options":[],"udp_options":[]}],"freeform_tags":{},"id":"ocid1.securitylist.oc1.ap-batam-1.aaaaaaaaweet2qceb26ofl73i4pmnbfgu4wjpyi5ph6tj3guybjm6qf75deq","ingress_security_rules":[{"description":"","icmp_options":[],"protocol":"6","source":"0.0.0.0/0","source_type":"CIDR_BLOCK","stateless":false,"tcp_options":[{"max":22,"min":22,"source_port_range":[]}],"udp_options":[]},{"description":"","icmp_options":[],"protocol":"6","source":"0.0.0.0/0","source_type":"CIDR_BLOCK","stateless":false,"tcp_options":[{"max":80,"min":80,"source_port_range":[]}],"udp_options":[]}],"state":"AVAILABLE","time_created":"2025-10-03 04:14:51.111 +0000 UTC","timeouts":null,"vcn_id":"ocid1.vcn.oc1.ap-batam-1.amaaaaaav472nqqay7th5nsbwer6vkwaax5kerrenpi76hrqkzz3a7l4m55a"},"sensitive_attributes":[],"private":"eyJlMmJmYjczMC1lY2FhLTExZTYtOGY4OC0zNDM2M2JjN2M0YzAiOnsiY3JlYXRlIjoxMjAwMDAwMDAwMDAwLCJkZWxldGUiOjEyMDAwMDAwMDAwMDAsInVwZGF0ZSI6MTIwMDAwMDAwMDAwMH19","dependencies":["oci_core_vcn.vcn"]}]},{"mode":"managed","type":"oci_core_subnet","name":"public","provider":"provider[\"registry.opentofu.org/oracle/oci\"]","instances":[{"schema_version":0,"attributes":{"availability_domain":null,"cidr_block":"10.0.1.0/24","compartment_id":"ocid1.compartment.oc1..aaaaaaaahsiol4x4tgsptevtblyzizuqpbg25hhx2aodojs72vx764vpr3yq","defined_tags":{"Oracle-Tags.CreatedBy":"default/rizkyns0532@gmail.com","Oracle-Tags.CreatedOn":"2025-10-03T04:14:51.477Z"},"dhcp_options_id":"ocid1.dhcpoptions.oc1.ap-batam-1.aaaaaaaatwjp23o3j2x6q2zroaifnauxuwxx24wachnxk5tirjfmpkfynecq","display_name":"subnet-simple-web","dns_label":null,"freeform_tags":{"project":"simple-web-demo"},"id":"ocid1.subnet.oc1.ap-batam-1.aaaaaaaaj32kl3h7zdoo6onzgalx6z3hxnqhs4xn3tsk2fzhoa3rxnrnti7a","ipv6cidr_block":null,"ipv6cidr_blocks":[],"ipv6virtual_router_ip":null,"prohibit_internet_ingress":false,"prohibit_public_ip_on_vnic":false,"route_table_id":"ocid1.routetable.oc1.ap-batam-1.aaaaaaaa2fxgxwzjlxfq6gkhkebv6alae5vr6ycixrirjcj6ewnzq7xd7zda","security_list_ids":["ocid1.securitylist.oc1.ap-batam-1.aaaaaaaaweet2qceb26ofl73i4pmnbfgu4wjpyi5ph6tj3guybjm6qf75deq"],"state":"AVAILABLE","subnet_domain_name":null,"time_created":"2025-10-03 04:14:51.492 +0000 UTC","timeouts":null,"vcn_id":"ocid1.vcn.oc1.ap-batam-1.amaaaaaav472nqqay7th5nsbwer6vkwaax5kerrenpi76hrqkzz3a7l4m55a","virtual_router_ip":"10.0.1.1","virtual_router_mac":"00:00:17:03:99:19"},"sensitive_attributes":[],"private":"eyJlMmJmYjczMC1lY2FhLTExZTYtOGY4OC0zNDM2M2JjN2M0YzAiOnsiY3JlYXRlIjoxMjAwMDAwMDAwMDAwLCJkZWxldGUiOjEyMDAwMDAwMDAwMDAsInVwZGF0ZSI6MTIwMDAwMDAwMDAwMH19","dependencies":["oci_core_internet_gateway.igw","oci_core_route_table.rt","oci_core_security_list.simple_ingress_egress","oci_core_vcn.vcn"]}]},{"mode":"managed","type":"oci_core_vcn","name":"vcn","provider":"provider[\"registry.opentofu.org/oracle/oci\"]","instances":[{"schema_version":0,"attributes":{"byoipv6cidr_blocks":[],"byoipv6cidr_details":null,"cidr_block":"10.0.0.0/16","cidr_blocks":["10.0.0.0/16"],"compartment_id":"ocid1.compartment.oc1..aaaaaaaahsiol4x4tgsptevtblyzizuqpbg25hhx2aodojs72vx764vpr3yq","default_dhcp_options_id":"ocid1.dhcpoptions.oc1.ap-batam-1.aaaaaaaatwjp23o3j2x6q2zroaifnauxuwxx24wachnxk5tirjfmpkfynecq","default_route_table_id":"ocid1.routetable.oc1.ap-batam-1.aaaaaaaakmt5q5nrbw5fkoobeemqzg3zsfateeol7btmdi4zeuy2n3r65hwq","default_security_list_id":"ocid1.securitylist.oc1.ap-batam-1.aaaaaaaa6mh47m2lx4l5evfcfevkbmpw6clhkhb2bn5n2sd53l7oet43xlra","defined_tags":{"Oracle-Tags.CreatedBy":"default/rizkyns0532@gmail.com","Oracle-Tags.CreatedOn":"2025-10-03T04:14:50.820Z"},"display_name":"vcn-simple-web","dns_label":null,"freeform_tags":{"project":"simple-web-demo"},"id":"ocid1.vcn.oc1.ap-batam-1.amaaaaaav472nqqay7th5nsbwer6vkwaax5kerrenpi76hrqkzz3a7l4m55a","ipv6cidr_blocks":[],"ipv6private_cidr_blocks":[],"is_ipv6enabled":false,"is_oracle_gua_allocation_enabled":null,"security_attributes":{},"state":"AVAILABLE","time_created":"2025-10-03 04:14:50.84 +0000 UTC","timeouts":null,"vcn_domain_name":null},"sensitive_attributes":[],"private":"eyJlMmJmYjczMC1lY2FhLTExZTYtOGY4OC0zNDM2M2JjN2M0YzAiOnsiY3JlYXRlIjoxMjAwMDAwMDAwMDAwLCJkZWxldGUiOjEyMDAwMDAwMDAwMDAsInVwZGF0ZSI6MTIwMDAwMDAwMDAwMH19"}]}],"check_results":[{"object_kind":"resource","config_addr":"oci_core_instance.vm","status":"pass","objects":[{"object_addr":"oci_core_instance.vm","status":"pass"}]}]}
